{
  "name": "how-to-use-ajax-promise-es8",
  "version": "1.0.0",
  "lockfileVersion": 1,
  "requires": true,
  "dependencies": {
    "ajax-promise-es8": {
      "version": "1.0.0",
      "resolved": "https://registry.npmjs.org/ajax-promise-es8/-/ajax-promise-es8-1.0.0.tgz",
      "integrity": "sha512-HHpKNjzcNcZ4CqxdcmLQ8sAY2xglBgAVZN1wU6gAsKHj45klyfTyybMUkL7u2C/I/wI8MUMOmAH9J65MfFWNCw==",
      "dev": true
    }
  }
}
